
Microsoft Visual Studio Solution File, Format Version 12.00
# Visual Studio Version 17
VisualStudioVersion = 17.4.33213.308
MinimumVisualStudioVersion = 10.0.40219.1
Project("{8BC9CEB8-8B4A-11D0-8D11-00A0C91BC942}") = "Class_25.09.23", "Class_25.09.23.vcxproj", "{383D6065-0030-4485-ACA8-EA4238DC6E37}"
EndProject
Global
	GlobalSection(SolutionConfigurationPlatforms) = preSolution
		Debug|x64 = Debug|x64
		Debug|x86 = Debug|x86
		Release|x64 = Release|x64
		Release|x86 = Release|x86
	EndGlobalSection
	GlobalSection(ProjectConfigurationPlatforms) = postSolution
		{383D6065-0030-4485-ACA8-EA4238DC6E37}.Debug|x64.ActiveCfg = Debug|x64
		{383D6065-0030-4485-ACA8-EA4238DC6E37}.Debug|x64.Build.0 = Debug|x64
		{383D6065-0030-4485-ACA8-EA4238DC6E37}.Debug|x86.ActiveCfg = Debug|Win32
		{383D6065-0030-4485-ACA8-EA4238DC6E37}.Debug|x86.Build.0 = Debug|Win32
		{383D6065-0030-4485-ACA8-EA4238DC6E37}.Release|x64.ActiveCfg = Release|x64
		{383D6065-0030-4485-ACA8-EA4238DC6E37}.Release|x64.Build.0 = Release|x64
		{383D6065-0030-4485-ACA8-EA4238DC6E37}.Release|x86.ActiveCfg = Release|Win32
		{383D6065-0030-4485-ACA8-EA4238DC6E37}.Release|x86.Build.0 = Release|Win32
	EndGlobalSection
	GlobalSection(SolutionProperties) = preSolution
		HideSolutionNode = FALSE
	EndGlobalSection
	GlobalSection(ExtensibilityGlobals) = postSolution
		SolutionGuid = {31AA1853-EA14-4F51-B70D-0435159DD66F}
	EndGlobalSection
EndGlobal
